
Microsoft Visual Studio Solution File, Format Version 12.00
# Visual Studio Version 17
VisualStudioVersion = 17.13.35828.75 d17.13
MinimumVisualStudioVersion = 10.0.40219.1
Project("{FAE04EC0-301F-11D3-BF4B-00C04F79EFBC}") = "HONORE_API_MAIN", "HONORE_API_MAIN.csproj", "{C6935484-3157-4E97-8AB9-F87BBD796D5D}"
EndProject
Global
	GlobalSection(SolutionConfigurationPlatforms) = preSolution
		Debug|Any CPU = Debug|Any CPU
		Release|Any CPU = Release|Any CPU
	EndGlobalSection
	GlobalSection(ProjectConfigurationPlatforms) = postSolution
		{C6935484-3157-4E97-8AB9-F87BBD796D5D}.Debug|Any CPU.ActiveCfg = Debug|Any CPU
		{C6935484-3157-4E97-8AB9-F87BBD796D5D}.Debug|Any CPU.Build.0 = Debug|Any CPU
		{C6935484-3157-4E97-8AB9-F87BBD796D5D}.Release|Any CPU.ActiveCfg = Release|Any CPU
		{C6935484-3157-4E97-8AB9-F87BBD796D5D}.Release|Any CPU.Build.0 = Release|Any CPU
	EndGlobalSection
	GlobalSection(SolutionProperties) = preSolution
		HideSolutionNode = FALSE
	EndGlobalSection
	GlobalSection(ExtensibilityGlobals) = postSolution
		SolutionGuid = {265EACA4-4DBD-4D6C-AD5A-EE4DCD3E6C6A}
	EndGlobalSection
EndGlobal
